
Microsoft Visual Studio Solution File, Format Version 12.00
# Visual Studio Version 17
VisualStudioVersion = 17.5.33516.290
MinimumVisualStudioVersion = 10.0.40219.1
Project("{8BC9CEB8-8B4A-11D0-8D11-00A0C91BC942}") = "EX1-1", "EX1-1\EX1-1.vcxproj", "{9A6E4615-C58B-485D-95C6-AE2097965E80}"
EndProject
Project("{8BC9CEB8-8B4A-11D0-8D11-00A0C91BC942}") = "Week 01", "Week 1\Week 1.vcxproj", "{2087719F-FC27-4491-B3FF-4EBDCF3A4410}"
EndProject
Project("{8BC9CEB8-8B4A-11D0-8D11-00A0C91BC942}") = "1_3_Payroll", "1_3_Payroll\1_3_Payroll.vcxproj", "{0A928805-052B-4ED2-A884-EA1065B54E23}"
EndProject
Project("{8BC9CEB8-8B4A-11D0-8D11-00A0C91BC942}") = "2_1_DataType", "2_1_DataType\2_1_DataType.vcxproj", "{FC4C006A-659A-43AE-B657-489EC18ED873}"
EndProject
Project("{8BC9CEB8-8B4A-11D0-8D11-00A0C91BC942}") = "Week 03", "Week 03\Week 03.vcxproj", "{F1F9A8A1-6DAC-4620-842F-77367DE75006}"
EndProject
Project("{8BC9CEB8-8B4A-11D0-8D11-00A0C91BC942}") = "3_2_MemoryReview", "3_2_MemoryReview\3_2_MemoryReview.vcxproj", "{D6F9AC5F-8965-423C-A2CC-23D5255F4A29}"
EndProject
Project("{8BC9CEB8-8B4A-11D0-8D11-00A0C91BC942}") = "Week 04", "Week 04\Week 04.vcxproj", "{2E8F0EAE-C29D-48E9-A6FE-BCEF3A09E414}"
EndProject
Project("{8BC9CEB8-8B4A-11D0-8D11-00A0C91BC942}") = "tempo", "tempo\tempo.vcxproj", "{72C1DB57-5516-4E9E-9FEF-3B36A11DC4AF}"
EndProject
Project("{8BC9CEB8-8B4A-11D0-8D11-00A0C91BC942}") = "Week07", "Week07\Week07.vcxproj", "{E613870B-C6D7-4FC6-87E8-D2E25D3DD011}"
EndProject
Project("{8BC9CEB8-8B4A-11D0-8D11-00A0C91BC942}") = "Week08", "Week08\Week08.vcxproj", "{4533EE7F-D436-400F-B469-6199A4CF0991}"
EndProject
Project("{8BC9CEB8-8B4A-11D0-8D11-00A0C91BC942}") = "Hangman", "Hangman\Hangman.vcxproj", "{2AADAC2D-1F09-4876-86B3-43278A75ECB3}"
EndProject
Global
	GlobalSection(SolutionConfigurationPlatforms) = preSolution
		Debug|x64 = Debug|x64
		Debug|x86 = Debug|x86
		Release|x64 = Release|x64
		Release|x86 = Release|x86
	EndGlobalSection
	GlobalSection(ProjectConfigurationPlatforms) = postSolution
		{9A6E4615-C58B-485D-95C6-AE2097965E80}.Debug|x64.ActiveCfg = Debug|x64
		{9A6E4615-C58B-485D-95C6-AE2097965E80}.Debug|x64.Build.0 = Debug|x64
		{9A6E4615-C58B-485D-95C6-AE2097965E80}.Debug|x86.ActiveCfg = Debug|Win32
		{9A6E4615-C58B-485D-95C6-AE2097965E80}.Debug|x86.Build.0 = Debug|Win32
		{9A6E4615-C58B-485D-95C6-AE2097965E80}.Release|x64.ActiveCfg = Release|x64
		{9A6E4615-C58B-485D-95C6-AE2097965E80}.Release|x64.Build.0 = Release|x64
		{9A6E4615-C58B-485D-95C6-AE2097965E80}.Release|x86.ActiveCfg = Release|Win32
		{9A6E4615-C58B-485D-95C6-AE2097965E80}.Release|x86.Build.0 = Release|Win32
		{2087719F-FC27-4491-B3FF-4EBDCF3A4410}.Debug|x64.ActiveCfg = Debug|x64
		{2087719F-FC27-4491-B3FF-4EBDCF3A4410}.Debug|x64.Build.0 = Debug|x64
		{2087719F-FC27-4491-B3FF-4EBDCF3A4410}.Debug|x86.ActiveCfg = Debug|Win32
		{2087719F-FC27-4491-B3FF-4EBDCF3A4410}.Debug|x86.Build.0 = Debug|Win32
		{2087719F-FC27-4491-B3FF-4EBDCF3A4410}.Release|x64.ActiveCfg = Release|x64
		{2087719F-FC27-4491-B3FF-4EBDCF3A4410}.Release|x64.Build.0 = Release|x64
		{2087719F-FC27-4491-B3FF-4EBDCF3A4410}.Release|x86.ActiveCfg = Release|Win32
		{2087719F-FC27-4491-B3FF-4EBDCF3A4410}.Release|x86.Build.0 = Release|Win32
		{0A928805-052B-4ED2-A884-EA1065B54E23}.Debug|x64.ActiveCfg = Debug|x64
		{0A928805-052B-4ED2-A884-EA1065B54E23}.Debug|x64.Build.0 = Debug|x64
		{0A928805-052B-4ED2-A884-EA1065B54E23}.Debug|x86.ActiveCfg = Debug|Win32
		{0A928805-052B-4ED2-A884-EA1065B54E23}.Debug|x86.Build.0 = Debug|Win32
		{0A928805-052B-4ED2-A884-EA1065B54E23}.Release|x64.ActiveCfg = Release|x64
		{0A928805-052B-4ED2-A884-EA1065B54E23}.Release|x64.Build.0 = Release|x64
		{0A928805-052B-4ED2-A884-EA1065B54E23}.Release|x86.ActiveCfg = Release|Win32
		{0A928805-052B-4ED2-A884-EA1065B54E23}.Release|x86.Build.0 = Release|Win32
		{FC4C006A-659A-43AE-B657-489EC18ED873}.Debug|x64.ActiveCfg = Debug|x64
		{FC4C006A-659A-43AE-B657-489EC18ED873}.Debug|x64.Build.0 = Debug|x64
		{FC4C006A-659A-43AE-B657-489EC18ED873}.Debug|x86.ActiveCfg = Debug|Win32
		{FC4C006A-659A-43AE-B657-489EC18ED873}.Debug|x86.Build.0 = Debug|Win32
		{FC4C006A-659A-43AE-B657-489EC18ED873}.Release|x64.ActiveCfg = Release|x64
		{FC4C006A-659A-43AE-B657-489EC18ED873}.Release|x64.Build.0 = Release|x64
		{FC4C006A-659A-43AE-B657-489EC18ED873}.Release|x86.ActiveCfg = Release|Win32
		{FC4C006A-659A-43AE-B657-489EC18ED873}.Release|x86.Build.0 = Release|Win32
		{F1F9A8A1-6DAC-4620-842F-77367DE75006}.Debug|x64.ActiveCfg = Debug|x64
		{F1F9A8A1-6DAC-4620-842F-77367DE75006}.Debug|x64.Build.0 = Debug|x64
		{F1F9A8A1-6DAC-4620-842F-77367DE75006}.Debug|x86.ActiveCfg = Debug|Win32
		{F1F9A8A1-6DAC-4620-842F-77367DE75006}.Debug|x86.Build.0 = Debug|Win32
		{F1F9A8A1-6DAC-4620-842F-77367DE75006}.Release|x64.ActiveCfg = Release|x64
		{F1F9A8A1-6DAC-4620-842F-77367DE75006}.Release|x64.Build.0 = Release|x64
		{F1F9A8A1-6DAC-4620-842F-77367DE75006}.Release|x86.ActiveCfg = Release|Win32
		{F1F9A8A1-6DAC-4620-842F-77367DE75006}.Release|x86.Build.0 = Release|Win32
		{D6F9AC5F-8965-423C-A2CC-23D5255F4A29}.Debug|x64.ActiveCfg = Debug|x64
		{D6F9AC5F-8965-423C-A2CC-23D5255F4A29}.Debug|x64.Build.0 = Debug|x64
		{D6F9AC5F-8965-423C-A2CC-23D5255F4A29}.Debug|x86.ActiveCfg = Debug|Win32
		{D6F9AC5F-8965-423C-A2CC-23D5255F4A29}.Debug|x86.Build.0 = Debug|Win32
		{D6F9AC5F-8965-423C-A2CC-23D5255F4A29}.Release|x64.ActiveCfg = Release|x64
		{D6F9AC5F-8965-423C-A2CC-23D5255F4A29}.Release|x64.Build.0 = Release|x64
		{D6F9AC5F-8965-423C-A2CC-23D5255F4A29}.Release|x86.ActiveCfg = Release|Win32
		{D6F9AC5F-8965-423C-A2CC-23D5255F4A29}.Release|x86.Build.0 = Release|Win32
		{2E8F0EAE-C29D-48E9-A6FE-BCEF3A09E414}.Debug|x64.ActiveCfg = Debug|x64
		{2E8F0EAE-C29D-48E9-A6FE-BCEF3A09E414}.Debug|x64.Build.0 = Debug|x64
		{2E8F0EAE-C29D-48E9-A6FE-BCEF3A09E414}.Debug|x86.ActiveCfg = Debug|Win32
		{2E8F0EAE-C29D-48E9-A6FE-BCEF3A09E414}.Debug|x86.Build.0 = Debug|Win32
		{2E8F0EAE-C29D-48E9-A6FE-BCEF3A09E414}.Release|x64.ActiveCfg = Release|x64
		{2E8F0EAE-C29D-48E9-A6FE-BCEF3A09E414}.Release|x64.Build.0 = Release|x64
		{2E8F0EAE-C29D-48E9-A6FE-BCEF3A09E414}.Release|x86.ActiveCfg = Release|Win32
		{2E8F0EAE-C29D-48E9-A6FE-BCEF3A09E414}.Release|x86.Build.0 = Release|Win32
		{72C1DB57-5516-4E9E-9FEF-3B36A11DC4AF}.Debug|x64.ActiveCfg = Debug|x64
		{72C1DB57-5516-4E9E-9FEF-3B36A11DC4AF}.Debug|x64.Build.0 = Debug|x64
		{72C1DB57-5516-4E9E-9FEF-3B36A11DC4AF}.Debug|x86.ActiveCfg = Debug|Win32
		{72C1DB57-5516-4E9E-9FEF-3B36A11DC4AF}.Debug|x86.Build.0 = Debug|Win32
		{72C1DB57-5516-4E9E-9FEF-3B36A11DC4AF}.Release|x64.ActiveCfg = Release|x64
		{72C1DB57-5516-4E9E-9FEF-3B36A11DC4AF}.Release|x64.Build.0 = Release|x64
		{72C1DB57-5516-4E9E-9FEF-3B36A11DC4AF}.Release|x86.ActiveCfg = Release|Win32
		{72C1DB57-5516-4E9E-9FEF-3B36A11DC4AF}.Release|x86.Build.0 = Release|Win32
		{E613870B-C6D7-4FC6-87E8-D2E25D3DD011}.Debug|x64.ActiveCfg = Debug|x64
		{E613870B-C6D7-4FC6-87E8-D2E25D3DD011}.Debug|x64.Build.0 = Debug|x64
		{E613870B-C6D7-4FC6-87E8-D2E25D3DD011}.Debug|x86.ActiveCfg = Debug|Win32
		{E613870B-C6D7-4FC6-87E8-D2E25D3DD011}.Debug|x86.Build.0 = Debug|Win32
		{E613870B-C6D7-4FC6-87E8-D2E25D3DD011}.Release|x64.ActiveCfg = Release|x64
		{E613870B-C6D7-4FC6-87E8-D2E25D3DD011}.Release|x64.Build.0 = Release|x64
		{E613870B-C6D7-4FC6-87E8-D2E25D3DD011}.Release|x86.ActiveCfg = Release|Win32
		{E613870B-C6D7-4FC6-87E8-D2E25D3DD011}.Release|x86.Build.0 = Release|Win32
		{4533EE7F-D436-400F-B469-6199A4CF0991}.Debug|x64.ActiveCfg = Debug|x64
		{4533EE7F-D436-400F-B469-6199A4CF0991}.Debug|x64.Build.0 = Debug|x64
		{4533EE7F-D436-400F-B469-6199A4CF0991}.Debug|x86.ActiveCfg = Debug|Win32
		{4533EE7F-D436-400F-B469-6199A4CF0991}.Debug|x86.Build.0 = Debug|Win32
		{4533EE7F-D436-400F-B469-6199A4CF0991}.Release|x64.ActiveCfg = Release|x64
		{4533EE7F-D436-400F-B469-6199A4CF0991}.Release|x64.Build.0 = Release|x64
		{4533EE7F-D436-400F-B469-6199A4CF0991}.Release|x86.ActiveCfg = Release|Win32
		{4533EE7F-D436-400F-B469-6199A4CF0991}.Release|x86.Build.0 = Release|Win32
		{2AADAC2D-1F09-4876-86B3-43278A75ECB3}.Debug|x64.ActiveCfg = Debug|x64
		{2AADAC2D-1F09-4876-86B3-43278A75ECB3}.Debug|x64.Build.0 = Debug|x64
		{2AADAC2D-1F09-4876-86B3-43278A75ECB3}.Debug|x86.ActiveCfg = Debug|Win32
		{2AADAC2D-1F09-4876-86B3-43278A75ECB3}.Debug|x86.Build.0 = Debug|Win32
		{2AADAC2D-1F09-4876-86B3-43278A75ECB3}.Release|x64.ActiveCfg = Release|x64
		{2AADAC2D-1F09-4876-86B3-43278A75ECB3}.Release|x64.Build.0 = Release|x64
		{2AADAC2D-1F09-4876-86B3-43278A75ECB3}.Release|x86.ActiveCfg = Release|Win32
		{2AADAC2D-1F09-4876-86B3-43278A75ECB3}.Release|x86.Build.0 = Release|Win32
	EndGlobalSection
	GlobalSection(SolutionProperties) = preSolution
		HideSolutionNode = FALSE
	EndGlobalSection
	GlobalSection(ExtensibilityGlobals) = postSolution
		SolutionGuid = {8AD19EDD-BC2B-47DF-948D-59F1467D356E}
	EndGlobalSection
EndGlobal
